
Microsoft Visual Studio Solution File, Format Version 12.00
# Visual Studio Version 17
VisualStudioVersion = 17.0.32014.148
MinimumVisualStudioVersion = 10.0.40219.1
Project("{FAE04EC0-301F-11D3-BF4B-00C04F79EFBC}") = "Net6 Dev Task", "Net6 Dev Task\Net6 Dev Task.csproj", "{23A8B978-3BF5-4380-B3C3-4DBF0491E219}"
EndProject
Global
	GlobalSection(SolutionConfigurationPlatforms) = preSolution
		Debug|Any CPU = Debug|Any CPU
		Release|Any CPU = Release|Any CPU
	EndGlobalSection
	GlobalSection(ProjectConfigurationPlatforms) = postSolution
		{23A8B978-3BF5-4380-B3C3-4DBF0491E219}.Debug|Any CPU.ActiveCfg = Debug|Any CPU
		{23A8B978-3BF5-4380-B3C3-4DBF0491E219}.Debug|Any CPU.Build.0 = Debug|Any CPU
		{23A8B978-3BF5-4380-B3C3-4DBF0491E219}.Release|Any CPU.ActiveCfg = Release|Any CPU
		{23A8B978-3BF5-4380-B3C3-4DBF0491E219}.Release|Any CPU.Build.0 = Release|Any CPU
	EndGlobalSection
	GlobalSection(SolutionProperties) = preSolution
		HideSolutionNode = FALSE
	EndGlobalSection
	GlobalSection(ExtensibilityGlobals) = postSolution
		SolutionGuid = {91467F49-2950-48FA-8F04-C79F7AC31E16}
	EndGlobalSection
EndGlobal
